
Microsoft Visual Studio Solution File, Format Version 12.00
# Visual Studio Version 17
VisualStudioVersion = 17.14.36301.6 d17.14
MinimumVisualStudioVersion = 10.0.40219.1
Project("{888888A0-9F3D-457C-B088-3A5042F75D52}") = "Morse code decoder drag and drop", "Morse code decoder drag and drop\Morse code decoder drag and drop.pyproj", "{9A4251DB-6A01-459B-8DD6-848C20B5475B}"
EndProject
Global
	GlobalSection(SolutionConfigurationPlatforms) = preSolution
		Debug|Any CPU = Debug|Any CPU
		Release|Any CPU = Release|Any CPU
	EndGlobalSection
	GlobalSection(ProjectConfigurationPlatforms) = postSolution
		{9A4251DB-6A01-459B-8DD6-848C20B5475B}.Debug|Any CPU.ActiveCfg = Debug|Any CPU
		{9A4251DB-6A01-459B-8DD6-848C20B5475B}.Release|Any CPU.ActiveCfg = Release|Any CPU
	EndGlobalSection
	GlobalSection(SolutionProperties) = preSolution
		HideSolutionNode = FALSE
	EndGlobalSection
	GlobalSection(ExtensibilityGlobals) = postSolution
		SolutionGuid = {484B55CB-9D69-4193-A296-6D75AAC330A1}
	EndGlobalSection
EndGlobal
